// !$*UTF8*$!
{
	archiveVersion = 1;
	classes = {
	};
	objectVersion = 56;
	objects = {

/* Begin PBXBuildFile section */
		B7844DA62ABE0FA6004B0944 /* iKnowYourNameApp.swift in Sources */ = {isa = PBXBuildFile; fileRef = B7844DA52ABE0FA6004B0944 /* iKnowYourNameApp.swift */; };
		B7844DA82ABE0FA6004B0944 /* ContentView.swift in Sources */ = {isa = PBXBuildFile; fileRef = B7844DA72ABE0FA6004B0944 /* ContentView.swift */; };
		B7844DAA2ABE0FA7004B0944 /* Assets.xcassets in Resources */ = {isa = PBXBuildFile; fileRef = B7844DA92ABE0FA7004B0944 /* Assets.xcassets */; };
		B7844DAD2ABE0FA7004B0944 /* Preview Assets.xcassets in Resources */ = {isa = PBXBuildFile; fileRef = B7844DAC2ABE0FA7004B0944 /* Preview Assets.xcassets */; };
		B7D5A1112AC70ED100678602 /* ContentView-ViewModel.swift in Sources */ = {isa = PBXBuildFile; fileRef = B7D5A1102AC70ED100678602 /* ContentView-ViewModel.swift */; };
		B7D787EE2AC5FB2E00964D71 /* DetailView.swift in Sources */ = {isa = PBXBuildFile; fileRef = B7D787ED2AC5FB2E00964D71 /* DetailView.swift */; };
		B7D787F12AC5FF2A00964D71 /* Person.swift in Sources */ = {isa = PBXBuildFile; fileRef = B7D787F02AC5FF2A00964D71 /* Person.swift */; };
		B7D787F52AC600C600964D71 /* FileManager-DocumentsDirectory.swift in Sources */ = {isa = PBXBuildFile; fileRef = B7D787F42AC600C600964D71 /* FileManager-DocumentsDirectory.swift */; };
		B7D787F92AC6020E00964D71 /* ImagePicker.swift in Sources */ = {isa = PBXBuildFile; fileRef = B7D787F82AC6020E00964D71 /* ImagePicker.swift */; };
/* End PBXBuildFile section */

/* Begin PBXFileReference section */
		B7844DA22ABE0FA6004B0944 /* iKnowYourName.app */ = {isa = PBXFileReference; explicitFileType = wrapper.application; includeInIndex = 0; path = iKnowYourName.app; sourceTree = BUILT_PRODUCTS_DIR; };
		B7844DA52ABE0FA6004B0944 /* iKnowYourNameApp.swift */ = {isa = PBXFileReference; lastKnownFileType = sourcecode.swift; path = iKnowYourNameApp.swift; sourceTree = "<group>"; };
		B7844DA72ABE0FA6004B0944 /* ContentView.swift */ = {isa = PBXFileReference; lastKnownFileType = sourcecode.swift; path = ContentView.swift; sourceTree = "<group>"; };
		B7844DA92ABE0FA7004B0944 /* Assets.xcassets */ = {isa = PBXFileReference; lastKnownFileType = folder.assetcatalog; path = Assets.xcassets; sourceTree = "<group>"; };
		B7844DAC2ABE0FA7004B0944 /* Preview Assets.xcassets */ = {isa = PBXFileReference; lastKnownFileType = folder.assetcatalog; path = "Preview Assets.xcassets"; sourceTree = "<group>"; };
		B7D5A1102AC70ED100678602 /* ContentView-ViewModel.swift */ = {isa = PBXFileReference; lastKnownFileType = sourcecode.swift; path = "ContentView-ViewModel.swift"; sourceTree = "<group>"; };
		B7D787ED2AC5FB2E00964D71 /* DetailView.swift */ = {isa = PBXFileReference; lastKnownFileType = sourcecode.swift; path = DetailView.swift; sourceTree = "<group>"; };
		B7D787F02AC5FF2A00964D71 /* Person.swift */ = {isa = PBXFileReference; lastKnownFileType = sourcecode.swift; path = Person.swift; sourceTree = "<group>"; };
		B7D787F42AC600C600964D71 /* FileManager-DocumentsDirectory.swift */ = {isa = PBXFileReference; lastKnownFileType = sourcecode.swift; path = "FileManager-DocumentsDirectory.swift"; sourceTree = "<group>"; };
		B7D787F82AC6020E00964D71 /* ImagePicker.swift */ = {isa = PBXFileReference; lastKnownFileType = sourcecode.swift; path = ImagePicker.swift; sourceTree = "<group>"; };
/* End PBXFileReference section */

/* Begin PBXFrameworksBuildPhase section */
		B7844D9F2ABE0FA6004B0944 /* Frameworks */ = {
			isa = PBXFrameworksBuildPhase;
			buildActionMask = 2147483647;
			files = (
			);
			runOnlyForDeploymentPostprocessing = 0;
		};
/* End PBXFrameworksBuildPhase section */

/* Begin PBXGroup section */
		B7844D992ABE0FA6004B0944 = {
			isa = PBXGroup;
			children = (
				B7844DA42ABE0FA6004B0944 /* iKnowYourName */,
				B7844DA32ABE0FA6004B0944 /* Products */,
			);
			sourceTree = "<group>";
		};
		B7844DA32ABE0FA6004B0944 /* Products */ = {
			isa = PBXGroup;
			children = (
				B7844DA22ABE0FA6004B0944 /* iKnowYourName.app */,
			);
			name = Products;
			sourceTree = "<group>";
		};
		B7844DA42ABE0FA6004B0944 /* iKnowYourName */ = {
			isa = PBXGroup;
			children = (
				B7844DA52ABE0FA6004B0944 /* iKnowYourNameApp.swift */,
				B7D787E82AC5FA7B00964D71 /* View */,
				B7D787E92AC5FA9500964D71 /* ViewModel */,
				B7D787EA2AC5FAB300964D71 /* Model */,
				B7D787EF2AC5FB4100964D71 /* Managers */,
				B7844DA92ABE0FA7004B0944 /* Assets.xcassets */,
				B7844DAB2ABE0FA7004B0944 /* Preview Content */,
			);
			path = iKnowYourName;
			sourceTree = "<group>";
		};
		B7844DAB2ABE0FA7004B0944 /* Preview Content */ = {
			isa = PBXGroup;
			children = (
				B7844DAC2ABE0FA7004B0944 /* Preview Assets.xcassets */,
			);
			path = "Preview Content";
			sourceTree = "<group>";
		};
		B7D787E82AC5FA7B00964D71 /* View */ = {
			isa = PBXGroup;
			children = (
				B7844DA72ABE0FA6004B0944 /* ContentView.swift */,
				B7D787ED2AC5FB2E00964D71 /* DetailView.swift */,
			);
			path = View;
			sourceTree = "<group>";
		};
		B7D787E92AC5FA9500964D71 /* ViewModel */ = {
			isa = PBXGroup;
			children = (
				B7D5A1102AC70ED100678602 /* ContentView-ViewModel.swift */,
			);
			path = ViewModel;
			sourceTree = "<group>";
		};
		B7D787EA2AC5FAB300964D71 /* Model */ = {
			isa = PBXGroup;
			children = (
				B7D787F02AC5FF2A00964D71 /* Person.swift */,
				B7D787F82AC6020E00964D71 /* ImagePicker.swift */,
			);
			path = Model;
			sourceTree = "<group>";
		};
		B7D787EF2AC5FB4100964D71 /* Managers */ = {
			isa = PBXGroup;
			children = (
				B7D787F42AC600C600964D71 /* FileManager-DocumentsDirectory.swift */,
			);
			path = Managers;
			sourceTree = "<group>";
		};
/* End PBXGroup section */

/* Begin PBXNativeTarget section */
		B7844DA12ABE0FA6004B0944 /* iKnowYourName */ = {
			isa = PBXNativeTarget;
			buildConfigurationList = B7844DB02ABE0FA7004B0944 /* Build configuration list for PBXNativeTarget "iKnowYourName" */;
			buildPhases = (
				B7844D9E2ABE0FA6004B0944 /* Sources */,
				B7844D9F2ABE0FA6004B0944 /* Frameworks */,
				B7844DA02ABE0FA6004B0944 /* Resources */,
			);
			buildRules = (
			);
			dependencies = (
			);
			name = iKnowYourName;
			productName = iKnowYourName;
			productReference = B7844DA22ABE0FA6004B0944 /* iKnowYourName.app */;
			productType = "com.apple.product-type.application";
		};
/* End PBXNativeTarget section */

/* Begin PBXProject section */
		B7844D9A2ABE0FA6004B0944 /* Project object */ = {
			isa = PBXProject;
			attributes = {
				BuildIndependentTargetsInParallel = 1;
				LastSwiftUpdateCheck = 1430;
				LastUpgradeCheck = 1430;
				TargetAttributes = {
					B7844DA12ABE0FA6004B0944 = {
						CreatedOnToolsVersion = 14.3.1;
					};
				};
			};
			buildConfigurationList = B7844D9D2ABE0FA6004B0944 /* Build configuration list for PBXProject "iKnowYourName" */;
			compatibilityVersion = "Xcode 14.0";
			developmentRegion = en;
			hasScannedForEncodings = 0;
			knownRegions = (
				en,
				Base,
			);
			mainGroup = B7844D992ABE0FA6004B0944;
			productRefGroup = B7844DA32ABE0FA6004B0944 /* Products */;
			projectDirPath = "";
			projectRoot = "";
			targets = (
				B7844DA12ABE0FA6004B0944 /* iKnowYourName */,
			);
		};
/* End PBXProject section */

/* Begin PBXResourcesBuildPhase section */
		B7844DA02ABE0FA6004B0944 /* Resources */ = {
			isa = PBXResourcesBuildPhase;
			buildActionMask = 2147483647;
			files = (
				B7844DAD2ABE0FA7004B0944 /* Preview Assets.xcassets in Resources */,
				B7844DAA2ABE0FA7004B0944 /* Assets.xcassets in Resources */,
			);
			runOnlyForDeploymentPostprocessing = 0;
		};
/* End PBXResourcesBuildPhase section */

/* Begin PBXSourcesBuildPhase section */
		B7844D9E2ABE0FA6004B0944 /* Sources */ = {
			isa = PBXSourcesBuildPhase;
			buildActionMask = 2147483647;
			files = (
				B7D787F12AC5FF2A00964D71 /* Person.swift in Sources */,
				B7D787F52AC600C600964D71 /* FileManager-DocumentsDirectory.swift in Sources */,
				B7844DA82ABE0FA6004B0944 /* ContentView.swift in Sources */,
				B7D787EE2AC5FB2E00964D71 /* DetailView.swift in Sources */,
				B7844DA62ABE0FA6004B0944 /* iKnowYourNameApp.swift in Sources */,
				B7D5A1112AC70ED100678602 /* ContentView-ViewModel.swift in Sources */,
				B7D787F92AC6020E00964D71 /* ImagePicker.swift in Sources */,
			);
			runOnlyForDeploymentPostprocessing = 0;
		};
/* End PBXSourcesBuildPhase section */

/* Begin XCBuildConfiguration section */
		B7844DAE2ABE0FA7004B0944 /* Debug */ = {
			isa = XCBuildConfiguration;
			buildSettings = {
				ALWAYS_SEARCH_USER_PATHS = NO;
				CLANG_ANALYZER_NONNULL = YES;
				CLANG_ANALYZER_NUMBER_OBJECT_CONVERSION = YES_AGGRESSIVE;
				CLANG_CXX_LANGUAGE_STANDARD = "gnu++20";
				CLANG_ENABLE_MODULES = YES;
				CLANG_ENABLE_OBJC_ARC = YES;
				CLANG_ENABLE_OBJC_WEAK = YES;
				CLANG_WARN_BLOCK_CAPTURE_AUTORELEASING = YES;
				CLANG_WARN_BOOL_CONVERSION = YES;
				CLANG_WARN_COMMA = YES;
				CLANG_WARN_CONSTANT_CONVERSION = YES;
				CLANG_WARN_DEPRECATED_OBJC_IMPLEMENTATIONS = YES;
				CLANG_WARN_DIRECT_OBJC_ISA_USAGE = YES_ERROR;
				CLANG_WARN_DOCUMENTATION_COMMENTS = YES;
				CLANG_WARN_EMPTY_BODY = YES;
				CLANG_WARN_ENUM_CONVERSION = YES;
				CLANG_WARN_INFINITE_RECURSION = YES;
				CLANG_WARN_INT_CONVERSION = YES;
				CLANG_WARN_NON_LITERAL_NULL_CONVERSION = YES;
				CLANG_WARN_OBJC_IMPLICIT_RETAIN_SELF = YES;
				CLANG_WARN_OBJC_LITERAL_CONVERSION = YES;
				CLANG_WARN_OBJC_ROOT_CLASS = YES_ERROR;
				CLANG_WARN_QUOTED_INCLUDE_IN_FRAMEWORK_HEADER = YES;
				CLANG_WARN_RANGE_LOOP_ANALYSIS = YES;
				CLANG_WARN_STRICT_PROTOTYPES = YES;
				CLANG_WARN_SUSPICIOUS_MOVE = YES;
				CLANG_WARN_UNGUARDED_AVAILABILITY = YES_AGGRESSIVE;
				CLANG_WARN_UNREACHABLE_CODE = YES;
				CLANG_WARN__DUPLICATE_METHOD_MATCH = YES;
				COPY_PHASE_STRIP = NO;
				DEBUG_INFORMATION_FORMAT = dwarf;
				ENABLE_STRICT_OBJC_MSGSEND = YES;
				ENABLE_TESTABILITY = YES;
				GCC_C_LANGUAGE_STANDARD = gnu11;
				GCC_DYNAMIC_NO_PIC = NO;
				GCC_NO_COMMON_BLOCKS = YES;
				GCC_OPTIMIZATION_LEVEL = 0;
				GCC_PREPROCESSOR_DEFINITIONS = (
					"DEBUG=1",
					"$(inherited)",
				);
				GCC_WARN_64_TO_32_BIT_CONVERSION = YES;
				GCC_WARN_ABOUT_RETURN_TYPE = YES_ERROR;
				GCC_WARN_UNDECLARED_SELECTOR = YES;
				GCC_WARN_UNINITIALIZED_AUTOS = YES_AGGRESSIVE;
				GCC_WARN_UNUSED_FUNCTION = YES;
				GCC_WARN_UNUSED_VARIABLE = YES;
				IPHONEOS_DEPLOYMENT_TARGET = 16.4;
				MTL_ENABLE_DEBUG_INFO = INCLUDE_SOURCE;
				MTL_FAST_MATH = YES;
				ONLY_ACTIVE_ARCH = YES;
				SDKROOT = iphoneos;
				SWIFT_ACTIVE_COMPILATION_CONDITIONS = DEBUG;
				SWIFT_OPTIMIZATION_LEVEL = "-Onone";
			};
			name = Debug;
		};
		B7844DAF2ABE0FA7004B0944 /* Release */ = {
			isa = XCBuildConfiguration;
			buildSettings = {
				ALWAYS_SEARCH_USER_PATHS = NO;
				CLANG_ANALYZER_NONNULL = YES;
				CLANG_ANALYZER_NUMBER_OBJECT_CONVERSION = YES_AGGRESSIVE;
				CLANG_CXX_LANGUAGE_STANDARD = "gnu++20";
				CLANG_ENABLE_MODULES = YES;
				CLANG_ENABLE_OBJC_ARC = YES;
				CLANG_ENABLE_OBJC_WEAK = YES;
				CLANG_WARN_BLOCK_CAPTURE_AUTORELEASING = YES;
				CLANG_WARN_BOOL_CONVERSION = YES;
				CLANG_WARN_COMMA = YES;
				CLANG_WARN_CONSTANT_CONVERSION = YES;
				CLANG_WARN_DEPRECATED_OBJC_IMPLEMENTATIONS = YES;
				CLANG_WARN_DIRECT_OBJC_ISA_USAGE = YES_ERROR;
				CLANG_WARN_DOCUMENTATION_COMMENTS = YES;
				CLANG_WARN_EMPTY_BODY = YES;
				CLANG_WARN_ENUM_CONVERSION = YES;
				CLANG_WARN_INFINITE_RECURSION = YES;
				CLANG_WARN_INT_CONVERSION = YES;
				CLANG_WARN_NON_LITERAL_NULL_CONVERSION = YES;
				CLANG_WARN_OBJC_IMPLICIT_RETAIN_SELF = YES;
				CLANG_WARN_OBJC_LITERAL_CONVERSION = YES;
				CLANG_WARN_OBJC_ROOT_CLASS = YES_ERROR;
				CLANG_WARN_QUOTED_INCLUDE_IN_FRAMEWORK_HEADER = YES;
				CLANG_WARN_RANGE_LOOP_ANALYSIS = YES;
				CLANG_WARN_STRICT_PROTOTYPES = YES;
				CLANG_WARN_SUSPICIOUS_MOVE = YES;
				CLANG_WARN_UNGUARDED_AVAILABILITY = YES_AGGRESSIVE;
				CLANG_WARN_UNREACHABLE_CODE = YES;
				CLANG_WARN__DUPLICATE_METHOD_MATCH = YES;
				COPY_PHASE_STRIP = NO;
				DEBUG_INFORMATION_FORMAT = "dwarf-with-dsym";
				ENABLE_NS_ASSERTIONS = NO;
				ENABLE_STRICT_OBJC_MSGSEND = YES;
				GCC_C_LANGUAGE_STANDARD = gnu11;
				GCC_NO_COMMON_BLOCKS = YES;
				GCC_WARN_64_TO_32_BIT_CONVERSION = YES;
				GCC_WARN_ABOUT_RETURN_TYPE = YES_ERROR;
				GCC_WARN_UNDECLARED_SELECTOR = YES;
				GCC_WARN_UNINITIALIZED_AUTOS = YES_AGGRESSIVE;
				GCC_WARN_UNUSED_FUNCTION = YES;
				GCC_WARN_UNUSED_VARIABLE = YES;
				IPHONEOS_DEPLOYMENT_TARGET = 16.4;
				MTL_ENABLE_DEBUG_INFO = NO;
				MTL_FAST_MATH = YES;
				SDKROOT = iphoneos;
				SWIFT_COMPILATION_MODE = wholemodule;
				SWIFT_OPTIMIZATION_LEVEL = "-O";
				VALIDATE_PRODUCT = YES;
			};
			name = Release;
		};
		B7844DB12ABE0FA7004B0944 /* Debug */ = {
			isa = XCBuildConfiguration;
			buildSettings = {
				ASSETCATALOG_COMPILER_APPICON_NAME = AppIcon;
				ASSETCATALOG_COMPILER_GLOBAL_ACCENT_COLOR_NAME = AccentColor;
				CODE_SIGN_STYLE = Automatic;
				CURRENT_PROJECT_VERSION = 1;
				DEVELOPMENT_ASSET_PATHS = "\"iKnowYourName/Preview Content\"";
				ENABLE_PREVIEWS = YES;
				GENERATE_INFOPLIST_FILE = YES;
				INFOPLIST_KEY_UIApplicationSceneManifest_Generation = YES;
				INFOPLIST_KEY_UIApplicationSupportsIndirectInputEvents = YES;
				INFOPLIST_KEY_UILaunchScreen_Generation = YES;
				INFOPLIST_KEY_UISupportedInterfaceOrientations_iPad = "UIInterfaceOrientationPortrait UIInterfaceOrientationPortraitUpsideDown UIInterfaceOrientationLandscapeLeft UIInterfaceOrientationLandscapeRight";
				INFOPLIST_KEY_UISupportedInterfaceOrientations_iPhone = "UIInterfaceOrientationPortrait UIInterfaceOrientationLandscapeLeft UIInterfaceOrientationLandscapeRight";
				LD_RUNPATH_SEARCH_PATHS = (
					"$(inherited)",
					"@executable_path/Frameworks",
				);
				MARKETING_VERSION = 1.0;
				PRODUCT_BUNDLE_IDENTIFIER = me.natashasosar.iKnowYourName;
				PRODUCT_NAME = "$(TARGET_NAME)";
				SWIFT_EMIT_LOC_STRINGS = YES;
				SWIFT_VERSION = 5.0;
				TARGETED_DEVICE_FAMILY = "1,2";
			};
			name = Debug;
		};
		B7844DB22ABE0FA7004B0944 /* Release */ = {
			isa = XCBuildConfiguration;
			buildSettings = {
				ASSETCATALOG_COMPILER_APPICON_NAME = AppIcon;
				ASSETCATALOG_COMPILER_GLOBAL_ACCENT_COLOR_NAME = AccentColor;
				CODE_SIGN_STYLE = Automatic;
				CURRENT_PROJECT_VERSION = 1;
				DEVELOPMENT_ASSET_PATHS = "\"iKnowYourName/Preview Content\"";
				ENABLE_PREVIEWS = YES;
				GENERATE_INFOPLIST_FILE = YES;
				INFOPLIST_KEY_UIApplicationSceneManifest_Generation = YES;
				INFOPLIST_KEY_UIApplicationSupportsIndirectInputEvents = YES;
				INFOPLIST_KEY_UILaunchScreen_Generation = YES;
				INFOPLIST_KEY_UISupportedInterfaceOrientations_iPad = "UIInterfaceOrientationPortrait UIInterfaceOrientationPortraitUpsideDown UIInterfaceOrientationLandscapeLeft UIInterfaceOrientationLandscapeRight";
				INFOPLIST_KEY_UISupportedInterfaceOrientations_iPhone = "UIInterfaceOrientationPortrait UIInterfaceOrientationLandscapeLeft UIInterfaceOrientationLandscapeRight";
				LD_RUNPATH_SEARCH_PATHS = (
					"$(inherited)",
					"@executable_path/Frameworks",
				);
				MARKETING_VERSION = 1.0;
				PRODUCT_BUNDLE_IDENTIFIER = me.natashasosar.iKnowYourName;
				PRODUCT_NAME = "$(TARGET_NAME)";
				SWIFT_EMIT_LOC_STRINGS = YES;
				SWIFT_VERSION = 5.0;
				TARGETED_DEVICE_FAMILY = "1,2";
			};
			name = Release;
		};
/* End XCBuildConfiguration section */

/* Begin XCConfigurationList section */
		B7844D9D2ABE0FA6004B0944 /* Build configuration list for PBXProject "iKnowYourName" */ = {
			isa = XCConfigurationList;
			buildConfigurations = (
				B7844DAE2ABE0FA7004B0944 /* Debug */,
				B7844DAF2ABE0FA7004B0944 /* Release */,
			);
			defaultConfigurationIsVisible = 0;
			defaultConfigurationName = Release;
		};
		B7844DB02ABE0FA7004B0944 /* Build configuration list for PBXNativeTarget "iKnowYourName" */ = {
			isa = XCConfigurationList;
			buildConfigurations = (
				B7844DB12ABE0FA7004B0944 /* Debug */,
				B7844DB22ABE0FA7004B0944 /* Release */,
			);
			defaultConfigurationIsVisible = 0;
			defaultConfigurationName = Release;
		};
/* End XCConfigurationList section */
	};
	rootObject = B7844D9A2ABE0FA6004B0944 /* Project object */;
}
